
Microsoft Visual Studio Solution File, Format Version 12.00
# Visual Studio 15
VisualStudioVersion = 15.0.27703.2042
MinimumVisualStudioVersion = 10.0.40219.1
Project("{9A19103F-16F7-4668-BE54-9A1E7A4F7556}") = "BufferExcelWriter", "BufferExcelWriter\BufferExcelWriter.csproj", "{B52331BB-51AB-413F-B078-25D7BF48537E}"
EndProject
Project("{9A19103F-16F7-4668-BE54-9A1E7A4F7556}") = "BufferExcelWriter.Sample", "BufferExcelWriter.Sample\BufferExcelWriter.Sample.csproj", "{92C86BD2-A5B8-4ABD-A871-336A8C29707A}"
EndProject
Global
	GlobalSection(SolutionConfigurationPlatforms) = preSolution
		Debug|Any CPU = Debug|Any CPU
		Release|Any CPU = Release|Any CPU
	EndGlobalSection
	GlobalSection(ProjectConfigurationPlatforms) = postSolution
		{B52331BB-51AB-413F-B078-25D7BF48537E}.Debug|Any CPU.ActiveCfg = Debug|Any CPU
		{B52331BB-51AB-413F-B078-25D7BF48537E}.Debug|Any CPU.Build.0 = Debug|Any CPU
		{B52331BB-51AB-413F-B078-25D7BF48537E}.Release|Any CPU.ActiveCfg = Release|Any CPU
		{B52331BB-51AB-413F-B078-25D7BF48537E}.Release|Any CPU.Build.0 = Release|Any CPU
		{92C86BD2-A5B8-4ABD-A871-336A8C29707A}.Debug|Any CPU.ActiveCfg = Debug|Any CPU
		{92C86BD2-A5B8-4ABD-A871-336A8C29707A}.Debug|Any CPU.Build.0 = Debug|Any CPU
		{92C86BD2-A5B8-4ABD-A871-336A8C29707A}.Release|Any CPU.ActiveCfg = Release|Any CPU
		{92C86BD2-A5B8-4ABD-A871-336A8C29707A}.Release|Any CPU.Build.0 = Release|Any CPU
	EndGlobalSection
	GlobalSection(SolutionProperties) = preSolution
		HideSolutionNode = FALSE
	EndGlobalSection
	GlobalSection(ExtensibilityGlobals) = postSolution
		SolutionGuid = {C0CA1564-8226-4B63-97F9-16C8B391CFB0}
	EndGlobalSection
EndGlobal
